
Microsoft Visual Studio Solution File, Format Version 11.00
# Visual Studio 2010
Project("{00000000-0000-0000-0000-000000000000}") = "MideaPlayer_silverLight", "MideaPlayer_silverLight\MideaPlayer_silverLight.csproj", "{3F7DD94F-78F0-4F3D-B8E4-972AE447FADA}"
EndProject
Global
	GlobalSection(SolutionConfigurationPlatforms) = preSolution
		Debug|Any CPU = Debug|Any CPU
		Release|Any CPU = Release|Any CPU
	EndGlobalSection
	GlobalSection(ProjectConfigurationPlatforms) = postSolution
		{3F7DD94F-78F0-4F3D-B8E4-972AE447FADA}.Debug|Any CPU.ActiveCfg = Debug|Any CPU
		{3F7DD94F-78F0-4F3D-B8E4-972AE447FADA}.Debug|Any CPU.Build.0 = Debug|Any CPU
		{3F7DD94F-78F0-4F3D-B8E4-972AE447FADA}.Release|Any CPU.ActiveCfg = Release|Any CPU
		{3F7DD94F-78F0-4F3D-B8E4-972AE447FADA}.Release|Any CPU.Build.0 = Release|Any CPU
	EndGlobalSection
	GlobalSection(SolutionProperties) = preSolution
		HideSolutionNode = FALSE
	EndGlobalSection
EndGlobal
